// !$*UTF8*$!
{
	archiveVersion = 1;
	classes = {
	};
	objectVersion = 51;
	objects = {

/* Begin PBXBuildFile section */
		42411779241F424F0094B0FB /* ToEatListViewController.swift in Sources */ = {isa = PBXBuildFile; fileRef = 42411778241F424F0094B0FB /* ToEatListViewController.swift */; };
		4241177D241F85A50094B0FB /* GoogleService-Info.plist in Resources */ = {isa = PBXBuildFile; fileRef = 4241177C241F85A50094B0FB /* GoogleService-Info.plist */; };
		4244483824430CE800000E96 /* BaseInfoTableViewCell.swift in Sources */ = {isa = PBXBuildFile; fileRef = 4244483724430CE800000E96 /* BaseInfoTableViewCell.swift */; };
		4244483A2443118C00000E96 /* CommentTableViewCell.swift in Sources */ = {isa = PBXBuildFile; fileRef = 424448392443118C00000E96 /* CommentTableViewCell.swift */; };
		4244483C244315D600000E96 /* CommentCollectionViewCell.swift in Sources */ = {isa = PBXBuildFile; fileRef = 4244483B244315D600000E96 /* CommentCollectionViewCell.swift */; };
		4244483E24432E1100000E96 /* UserCommentWallViewController.swift in Sources */ = {isa = PBXBuildFile; fileRef = 4244483D24432E1100000E96 /* UserCommentWallViewController.swift */; };
		424448422444260200000E96 /* RestaurantCollectionViewFlowLayout.swift in Sources */ = {isa = PBXBuildFile; fileRef = 424448412444260200000E96 /* RestaurantCollectionViewFlowLayout.swift */; };
		42461DEB241DC74D009EC9AB /* AppDelegate.swift in Sources */ = {isa = PBXBuildFile; fileRef = 42461DEA241DC74D009EC9AB /* AppDelegate.swift */; };
		42461DF4241DC74F009EC9AB /* Assets.xcassets in Resources */ = {isa = PBXBuildFile; fileRef = 42461DF3241DC74F009EC9AB /* Assets.xcassets */; };
		42461DF7241DC74F009EC9AB /* LaunchScreen.storyboard in Resources */ = {isa = PBXBuildFile; fileRef = 42461DF5241DC74F009EC9AB /* LaunchScreen.storyboard */; };
		42461E01241E2BCE009EC9AB /* MapViewController.swift in Sources */ = {isa = PBXBuildFile; fileRef = 42461E00241E2BCE009EC9AB /* MapViewController.swift */; };
		42461E07241E440E009EC9AB /* JGProgressHUDWrapper.swift in Sources */ = {isa = PBXBuildFile; fileRef = 42461E05241E440E009EC9AB /* JGProgressHUDWrapper.swift */; };
		42461E08241E440E009EC9AB /* KingFisherWrapper.swift in Sources */ = {isa = PBXBuildFile; fileRef = 42461E06241E440E009EC9AB /* KingFisherWrapper.swift */; };
		42471EAB24309A9E002B1577 /* jf-openhuninn-1.0.ttf in Resources */ = {isa = PBXBuildFile; fileRef = 42471EAA24309A9D002B1577 /* jf-openhuninn-1.0.ttf */; };
		42471EAD2430E240002B1577 /* MainTabViewController.swift in Sources */ = {isa = PBXBuildFile; fileRef = 42471EAC2430E240002B1577 /* MainTabViewController.swift */; };
		42471EB224324CD2002B1577 /* RestaurantCollectionViewCell.swift in Sources */ = {isa = PBXBuildFile; fileRef = 42471EB024324CD2002B1577 /* RestaurantCollectionViewCell.swift */; };
		42471EB324324CD2002B1577 /* RestaurantCollectionViewCell.xib in Resources */ = {isa = PBXBuildFile; fileRef = 42471EB124324CD2002B1577 /* RestaurantCollectionViewCell.xib */; };
		42471F2724399898002B1577 /* RestaurantInfomationViewController.swift in Sources */ = {isa = PBXBuildFile; fileRef = 42471F2624399898002B1577 /* RestaurantInfomationViewController.swift */; };
		42471F35243B778B002B1577 /* LogInViewController.swift in Sources */ = {isa = PBXBuildFile; fileRef = 42471F34243B778B002B1577 /* LogInViewController.swift */; };
		42471F38243C195F002B1577 /* PhotoWallViewController.swift in Sources */ = {isa = PBXBuildFile; fileRef = 42471F37243C195F002B1577 /* PhotoWallViewController.swift */; };
		42471F3A243C2606002B1577 /* Background.swift in Sources */ = {isa = PBXBuildFile; fileRef = 42471F39243C2605002B1577 /* Background.swift */; };
		42471F3C243C4C5D002B1577 /* VOT tab bar icons.pdf in Resources */ = {isa = PBXBuildFile; fileRef = 42471F3B243C4C5C002B1577 /* VOT tab bar icons.pdf */; };
		42471F3E243C66BD002B1577 /* UIFont.swift in Sources */ = {isa = PBXBuildFile; fileRef = 42471F3D243C66BD002B1577 /* UIFont.swift */; };
		42471F40243C69EA002B1577 /* UIColor.swift in Sources */ = {isa = PBXBuildFile; fileRef = 42471F3F243C69E9002B1577 /* UIColor.swift */; };
		42471F42243C944F002B1577 /* Constraint.swift in Sources */ = {isa = PBXBuildFile; fileRef = 42471F41243C944E002B1577 /* Constraint.swift */; };
		42471F49243D7AB4002B1577 /* ProfileCollectionViewCell.swift in Sources */ = {isa = PBXBuildFile; fileRef = 42471F48243D7AB4002B1577 /* ProfileCollectionViewCell.swift */; };
		42471FB02440336C002B1577 /* HeaderView.swift in Sources */ = {isa = PBXBuildFile; fileRef = 42471FAE2440336C002B1577 /* HeaderView.swift */; };
		42471FB324405214002B1577 /* ProfileController.swift in Sources */ = {isa = PBXBuildFile; fileRef = 42471FB224405214002B1577 /* ProfileController.swift */; };
		42471FB724418B04002B1577 /* MapStyle.json in Resources */ = {isa = PBXBuildFile; fileRef = 42471FB624418B03002B1577 /* MapStyle.json */; };
		42471FBA2441C64B002B1577 /* RestaurantInfomation.storyboard in Resources */ = {isa = PBXBuildFile; fileRef = 42471FB92441C64A002B1577 /* RestaurantInfomation.storyboard */; };
		7A409E371BAB71AD01BBE07F /* Pods_Veg_Out_Taiwan.framework in Frameworks */ = {isa = PBXBuildFile; fileRef = 5AEFAC4F1D191A2C3B5C4700 /* Pods_Veg_Out_Taiwan.framework */; };
/* End PBXBuildFile section */

/* Begin PBXFileReference section */
		1930BBD6D392A26188062ED7 /* Pods-Veg Out Taiwan.debug.xcconfig */ = {isa = PBXFileReference; includeInIndex = 1; lastKnownFileType = text.xcconfig; name = "Pods-Veg Out Taiwan.debug.xcconfig"; path = "Target Support Files/Pods-Veg Out Taiwan/Pods-Veg Out Taiwan.debug.xcconfig"; sourceTree = "<group>"; };
		42411778241F424F0094B0FB /* ToEatListViewController.swift */ = {isa = PBXFileReference; lastKnownFileType = sourcecode.swift; path = ToEatListViewController.swift; sourceTree = "<group>"; };
		4241177C241F85A50094B0FB /* GoogleService-Info.plist */ = {isa = PBXFileReference; fileEncoding = 4; lastKnownFileType = text.plist.xml; path = "GoogleService-Info.plist"; sourceTree = "<group>"; };
		4244483724430CE800000E96 /* BaseInfoTableViewCell.swift */ = {isa = PBXFileReference; lastKnownFileType = sourcecode.swift; path = BaseInfoTableViewCell.swift; sourceTree = "<group>"; };
		424448392443118C00000E96 /* CommentTableViewCell.swift */ = {isa = PBXFileReference; lastKnownFileType = sourcecode.swift; path = CommentTableViewCell.swift; sourceTree = "<group>"; };
		4244483B244315D600000E96 /* CommentCollectionViewCell.swift */ = {isa = PBXFileReference; lastKnownFileType = sourcecode.swift; path = CommentCollectionViewCell.swift; sourceTree = "<group>"; };
		4244483D24432E1100000E96 /* UserCommentWallViewController.swift */ = {isa = PBXFileReference; lastKnownFileType = sourcecode.swift; path = UserCommentWallViewController.swift; sourceTree = "<group>"; };
		424448412444260200000E96 /* RestaurantCollectionViewFlowLayout.swift */ = {isa = PBXFileReference; lastKnownFileType = sourcecode.swift; path = RestaurantCollectionViewFlowLayout.swift; sourceTree = "<group>"; };
		42461DE7241DC74D009EC9AB /* Veg Out Taiwan.app */ = {isa = PBXFileReference; explicitFileType = wrapper.application; includeInIndex = 0; path = "Veg Out Taiwan.app"; sourceTree = BUILT_PRODUCTS_DIR; };
		42461DEA241DC74D009EC9AB /* AppDelegate.swift */ = {isa = PBXFileReference; lastKnownFileType = sourcecode.swift; path = AppDelegate.swift; sourceTree = "<group>"; };
		42461DF3241DC74F009EC9AB /* Assets.xcassets */ = {isa = PBXFileReference; lastKnownFileType = folder.assetcatalog; path = Assets.xcassets; sourceTree = "<group>"; };
		42461DF6241DC74F009EC9AB /* Base */ = {isa = PBXFileReference; lastKnownFileType = file.storyboard; name = Base; path = Base.lproj/LaunchScreen.storyboard; sourceTree = "<group>"; };
		42461DF8241DC74F009EC9AB /* Info.plist */ = {isa = PBXFileReference; lastKnownFileType = text.plist.xml; path = Info.plist; sourceTree = "<group>"; };
		42461E00241E2BCE009EC9AB /* MapViewController.swift */ = {isa = PBXFileReference; lastKnownFileType = sourcecode.swift; path = MapViewController.swift; sourceTree = "<group>"; };
		42461E05241E440E009EC9AB /* JGProgressHUDWrapper.swift */ = {isa = PBXFileReference; fileEncoding = 4; lastKnownFileType = sourcecode.swift; path = JGProgressHUDWrapper.swift; sourceTree = "<group>"; };
		42461E06241E440E009EC9AB /* KingFisherWrapper.swift */ = {isa = PBXFileReference; fileEncoding = 4; lastKnownFileType = sourcecode.swift; path = KingFisherWrapper.swift; sourceTree = "<group>"; };
		42471EAA24309A9D002B1577 /* jf-openhuninn-1.0.ttf */ = {isa = PBXFileReference; lastKnownFileType = file; path = "jf-openhuninn-1.0.ttf"; sourceTree = "<group>"; };
		42471EAC2430E240002B1577 /* MainTabViewController.swift */ = {isa = PBXFileReference; lastKnownFileType = sourcecode.swift; path = MainTabViewController.swift; sourceTree = "<group>"; };
		42471EB024324CD2002B1577 /* RestaurantCollectionViewCell.swift */ = {isa = PBXFileReference; lastKnownFileType = sourcecode.swift; path = RestaurantCollectionViewCell.swift; sourceTree = "<group>"; };
		42471EB124324CD2002B1577 /* RestaurantCollectionViewCell.xib */ = {isa = PBXFileReference; lastKnownFileType = file.xib; path = RestaurantCollectionViewCell.xib; sourceTree = "<group>"; };
		42471F2624399898002B1577 /* RestaurantInfomationViewController.swift */ = {isa = PBXFileReference; lastKnownFileType = sourcecode.swift; path = RestaurantInfomationViewController.swift; sourceTree = "<group>"; };
		42471F34243B778B002B1577 /* LogInViewController.swift */ = {isa = PBXFileReference; lastKnownFileType = sourcecode.swift; path = LogInViewController.swift; sourceTree = "<group>"; };
		42471F37243C195F002B1577 /* PhotoWallViewController.swift */ = {isa = PBXFileReference; lastKnownFileType = sourcecode.swift; path = PhotoWallViewController.swift; sourceTree = "<group>"; };
		42471F39243C2605002B1577 /* Background.swift */ = {isa = PBXFileReference; lastKnownFileType = sourcecode.swift; path = Background.swift; sourceTree = "<group>"; };
		42471F3B243C4C5C002B1577 /* VOT tab bar icons.pdf */ = {isa = PBXFileReference; lastKnownFileType = image.pdf; path = "VOT tab bar icons.pdf"; sourceTree = "<group>"; };
		42471F3D243C66BD002B1577 /* UIFont.swift */ = {isa = PBXFileReference; lastKnownFileType = sourcecode.swift; path = UIFont.swift; sourceTree = "<group>"; };
		42471F3F243C69E9002B1577 /* UIColor.swift */ = {isa = PBXFileReference; lastKnownFileType = sourcecode.swift; path = UIColor.swift; sourceTree = "<group>"; };
		42471F41243C944E002B1577 /* Constraint.swift */ = {isa = PBXFileReference; lastKnownFileType = sourcecode.swift; path = Constraint.swift; sourceTree = "<group>"; };
		42471F48243D7AB4002B1577 /* ProfileCollectionViewCell.swift */ = {isa = PBXFileReference; lastKnownFileType = sourcecode.swift; path = ProfileCollectionViewCell.swift; sourceTree = "<group>"; };
		42471FAE2440336C002B1577 /* HeaderView.swift */ = {isa = PBXFileReference; lastKnownFileType = sourcecode.swift; path = HeaderView.swift; sourceTree = "<group>"; };
		42471FB224405214002B1577 /* ProfileController.swift */ = {isa = PBXFileReference; lastKnownFileType = sourcecode.swift; path = ProfileController.swift; sourceTree = "<group>"; };
		42471FB624418B03002B1577 /* MapStyle.json */ = {isa = PBXFileReference; fileEncoding = 4; lastKnownFileType = text.json; path = MapStyle.json; sourceTree = "<group>"; };
		42471FB92441C64A002B1577 /* RestaurantInfomation.storyboard */ = {isa = PBXFileReference; lastKnownFileType = file.storyboard; path = RestaurantInfomation.storyboard; sourceTree = "<group>"; };
		5AEFAC4F1D191A2C3B5C4700 /* Pods_Veg_Out_Taiwan.framework */ = {isa = PBXFileReference; explicitFileType = wrapper.framework; includeInIndex = 0; path = Pods_Veg_Out_Taiwan.framework; sourceTree = BUILT_PRODUCTS_DIR; };
		8B7A18B52CEFFAAB7F14BF56 /* Pods-Veg Out Taiwan.release.xcconfig */ = {isa = PBXFileReference; includeInIndex = 1; lastKnownFileType = text.xcconfig; name = "Pods-Veg Out Taiwan.release.xcconfig"; path = "Target Support Files/Pods-Veg Out Taiwan/Pods-Veg Out Taiwan.release.xcconfig"; sourceTree = "<group>"; };
/* End PBXFileReference section */

/* Begin PBXFrameworksBuildPhase section */
		42461DE4241DC74D009EC9AB /* Frameworks */ = {
			isa = PBXFrameworksBuildPhase;
			buildActionMask = 2147483647;
			files = (
				7A409E371BAB71AD01BBE07F /* Pods_Veg_Out_Taiwan.framework in Frameworks */,
			);
			runOnlyForDeploymentPostprocessing = 0;
		};
/* End PBXFrameworksBuildPhase section */

/* Begin PBXGroup section */
		2BF2149BB3B20D2098CC3BC9 /* Frameworks */ = {
			isa = PBXGroup;
			children = (
				5AEFAC4F1D191A2C3B5C4700 /* Pods_Veg_Out_Taiwan.framework */,
			);
			name = Frameworks;
			sourceTree = "<group>";
		};
		4241170A241E868F0094B0FB /* Base */ = {
			isa = PBXGroup;
			children = (
				42471EAC2430E240002B1577 /* MainTabViewController.swift */,
			);
			path = Base;
			sourceTree = "<group>";
		};
		42411775241F38280094B0FB /* Profile */ = {
			isa = PBXGroup;
			children = (
				42471FB224405214002B1577 /* ProfileController.swift */,
			);
			path = Profile;
			sourceTree = "<group>";
		};
		42411776241F382C0094B0FB /* ToEatList */ = {
			isa = PBXGroup;
			children = (
				42411778241F424F0094B0FB /* ToEatListViewController.swift */,
			);
			path = ToEatList;
			sourceTree = "<group>";
		};
		42411777241F382E0094B0FB /* VeganMap */ = {
			isa = PBXGroup;
			children = (
				42461E00241E2BCE009EC9AB /* MapViewController.swift */,
			);
			path = VeganMap;
			sourceTree = "<group>";
		};
		42461DDE241DC74C009EC9AB = {
			isa = PBXGroup;
			children = (
				42461DE9241DC74D009EC9AB /* Veg Out Taiwan */,
				42461DE8241DC74D009EC9AB /* Products */,
				E65F627A00BD39985ED421A9 /* Pods */,
				2BF2149BB3B20D2098CC3BC9 /* Frameworks */,
			);
			sourceTree = "<group>";
		};
		42461DE8241DC74D009EC9AB /* Products */ = {
			isa = PBXGroup;
			children = (
				42461DE7241DC74D009EC9AB /* Veg Out Taiwan.app */,
			);
			name = Products;
			sourceTree = "<group>";
		};
		42461DE9241DC74D009EC9AB /* Veg Out Taiwan */ = {
			isa = PBXGroup;
			children = (
				42471EAA24309A9D002B1577 /* jf-openhuninn-1.0.ttf */,
				42461E04241E43F5009EC9AB /* Third Party Wrapper */,
				42461E26241E446C009EC9AB /* Resource */,
				42461E0B241E442F009EC9AB /* Extension */,
				42461E27241E4495009EC9AB /* Model */,
				42461E0A241E4429009EC9AB /* View */,
				42461E09241E441E009EC9AB /* Controller */,
				42461DEA241DC74D009EC9AB /* AppDelegate.swift */,
				42471F3B243C4C5C002B1577 /* VOT tab bar icons.pdf */,
				42461DF8241DC74F009EC9AB /* Info.plist */,
				4241177C241F85A50094B0FB /* GoogleService-Info.plist */,
				42471FB624418B03002B1577 /* MapStyle.json */,
			);
			path = "Veg Out Taiwan";
			sourceTree = "<group>";
		};
		42461E04241E43F5009EC9AB /* Third Party Wrapper */ = {
			isa = PBXGroup;
			children = (
				42461E06241E440E009EC9AB /* KingFisherWrapper.swift */,
				42461E05241E440E009EC9AB /* JGProgressHUDWrapper.swift */,
			);
			path = "Third Party Wrapper";
			sourceTree = "<group>";
		};
		42461E09241E441E009EC9AB /* Controller */ = {
			isa = PBXGroup;
			children = (
				42471F33243B7762002B1577 /* LogIn */,
				42411777241F382E0094B0FB /* VeganMap */,
				42471F252439984A002B1577 /* Restaurant */,
				42471F36243C18E7002B1577 /* PhotoWall */,
				42411776241F382C0094B0FB /* ToEatList */,
				42411775241F38280094B0FB /* Profile */,
				4241170A241E868F0094B0FB /* Base */,
			);
			path = Controller;
			sourceTree = "<group>";
		};
		42461E0A241E4429009EC9AB /* View */ = {
			isa = PBXGroup;
			children = (
				42761E262424953400405CC9 /* VeganMap */,
				42471FB82441C621002B1577 /* Restaurant */,
				42471F47243D7A95002B1577 /* Profile */,
				42461DF5241DC74F009EC9AB /* LaunchScreen.storyboard */,
			);
			path = View;
			sourceTree = "<group>";
		};
		42461E0B241E442F009EC9AB /* Extension */ = {
			isa = PBXGroup;
			children = (
				42471F39243C2605002B1577 /* Background.swift */,
				42471F3D243C66BD002B1577 /* UIFont.swift */,
				42471F3F243C69E9002B1577 /* UIColor.swift */,
				42471F41243C944E002B1577 /* Constraint.swift */,
			);
			path = Extension;
			sourceTree = "<group>";
		};
		42461E26241E446C009EC9AB /* Resource */ = {
			isa = PBXGroup;
			children = (
				42461DF3241DC74F009EC9AB /* Assets.xcassets */,
			);
			path = Resource;
			sourceTree = "<group>";
		};
		42461E27241E4495009EC9AB /* Model */ = {
			isa = PBXGroup;
			children = (
			);
			path = Model;
			sourceTree = "<group>";
		};
		42471F252439984A002B1577 /* Restaurant */ = {
			isa = PBXGroup;
			children = (
				42471F2624399898002B1577 /* RestaurantInfomationViewController.swift */,
				4244483D24432E1100000E96 /* UserCommentWallViewController.swift */,
			);
			path = Restaurant;
			sourceTree = "<group>";
		};
		42471F33243B7762002B1577 /* LogIn */ = {
			isa = PBXGroup;
			children = (
				42471F34243B778B002B1577 /* LogInViewController.swift */,
			);
			path = LogIn;
			sourceTree = "<group>";
		};
		42471F36243C18E7002B1577 /* PhotoWall */ = {
			isa = PBXGroup;
			children = (
				42471F37243C195F002B1577 /* PhotoWallViewController.swift */,
			);
			path = PhotoWall;
			sourceTree = "<group>";
		};
		42471F47243D7A95002B1577 /* Profile */ = {
			isa = PBXGroup;
			children = (
				42471F48243D7AB4002B1577 /* ProfileCollectionViewCell.swift */,
				42471FAE2440336C002B1577 /* HeaderView.swift */,
			);
			path = Profile;
			sourceTree = "<group>";
		};
		42471FB82441C621002B1577 /* Restaurant */ = {
			isa = PBXGroup;
			children = (
				42471FB92441C64A002B1577 /* RestaurantInfomation.storyboard */,
				4244483724430CE800000E96 /* BaseInfoTableViewCell.swift */,
				424448392443118C00000E96 /* CommentTableViewCell.swift */,
				4244483B244315D600000E96 /* CommentCollectionViewCell.swift */,
			);
			path = Restaurant;
			sourceTree = "<group>";
		};
		42761E262424953400405CC9 /* VeganMap */ = {
			isa = PBXGroup;
			children = (
				42471EB024324CD2002B1577 /* RestaurantCollectionViewCell.swift */,
				42471EB124324CD2002B1577 /* RestaurantCollectionViewCell.xib */,
				424448412444260200000E96 /* RestaurantCollectionViewFlowLayout.swift */,
			);
			path = VeganMap;
			sourceTree = "<group>";
		};
		E65F627A00BD39985ED421A9 /* Pods */ = {
			isa = PBXGroup;
			children = (
				1930BBD6D392A26188062ED7 /* Pods-Veg Out Taiwan.debug.xcconfig */,
				8B7A18B52CEFFAAB7F14BF56 /* Pods-Veg Out Taiwan.release.xcconfig */,
			);
			path = Pods;
			sourceTree = "<group>";
		};
/* End PBXGroup section */

/* Begin PBXNativeTarget section */
		42461DE6241DC74D009EC9AB /* Veg Out Taiwan */ = {
			isa = PBXNativeTarget;
			buildConfigurationList = 42461DFB241DC74F009EC9AB /* Build configuration list for PBXNativeTarget "Veg Out Taiwan" */;
			buildPhases = (
				83A49975C267F1848FED00C7 /* [CP] Check Pods Manifest.lock */,
				42461DE3241DC74D009EC9AB /* Sources */,
				42461DE4241DC74D009EC9AB /* Frameworks */,
				42461DE5241DC74D009EC9AB /* Resources */,
				655868092CF24F7CC44E2C67 /* [CP] Embed Pods Frameworks */,
				1163829BF13DAE5E468ADD7D /* [CP] Copy Pods Resources */,
				42411774241F37170094B0FB /* SwiftLint */,
			);
			buildRules = (
			);
			dependencies = (
			);
			name = "Veg Out Taiwan";
			productName = "Veg Out Taiwan";
			productReference = 42461DE7241DC74D009EC9AB /* Veg Out Taiwan.app */;
			productType = "com.apple.product-type.application";
		};
/* End PBXNativeTarget section */

/* Begin PBXProject section */
		42461DDF241DC74C009EC9AB /* Project object */ = {
			isa = PBXProject;
			attributes = {
				LastSwiftUpdateCheck = 1130;
				LastUpgradeCheck = 1130;
				ORGANIZATIONNAME = Irene.C;
				TargetAttributes = {
					42461DE6241DC74D009EC9AB = {
						CreatedOnToolsVersion = 11.3.1;
					};
				};
			};
			buildConfigurationList = 42461DE2241DC74C009EC9AB /* Build configuration list for PBXProject "Veg Out Taiwan" */;
			compatibilityVersion = "Xcode 9.3";
			developmentRegion = en;
			hasScannedForEncodings = 0;
			knownRegions = (
				en,
				Base,
				"zh-Hant",
			);
			mainGroup = 42461DDE241DC74C009EC9AB;
			productRefGroup = 42461DE8241DC74D009EC9AB /* Products */;
			projectDirPath = "";
			projectRoot = "";
			targets = (
				42461DE6241DC74D009EC9AB /* Veg Out Taiwan */,
			);
		};
/* End PBXProject section */

/* Begin PBXResourcesBuildPhase section */
		42461DE5241DC74D009EC9AB /* Resources */ = {
			isa = PBXResourcesBuildPhase;
			buildActionMask = 2147483647;
			files = (
				42461DF7241DC74F009EC9AB /* LaunchScreen.storyboard in Resources */,
				42461DF4241DC74F009EC9AB /* Assets.xcassets in Resources */,
				42471EB324324CD2002B1577 /* RestaurantCollectionViewCell.xib in Resources */,
				42471FBA2441C64B002B1577 /* RestaurantInfomation.storyboard in Resources */,
				42471EAB24309A9E002B1577 /* jf-openhuninn-1.0.ttf in Resources */,
				42471F3C243C4C5D002B1577 /* VOT tab bar icons.pdf in Resources */,
				4241177D241F85A50094B0FB /* GoogleService-Info.plist in Resources */,
				42471FB724418B04002B1577 /* MapStyle.json in Resources */,
			);
			runOnlyForDeploymentPostprocessing = 0;
		};
/* End PBXResourcesBuildPhase section */

/* Begin PBXShellScriptBuildPhase section */
		1163829BF13DAE5E468ADD7D /* [CP] Copy Pods Resources */ = {
			isa = PBXShellScriptBuildPhase;
			buildActionMask = 2147483647;
			files = (
			);
			inputFileListPaths = (
				"${PODS_ROOT}/Target Support Files/Pods-Veg Out Taiwan/Pods-Veg Out Taiwan-resources-${CONFIGURATION}-input-files.xcfilelist",
			);
			name = "[CP] Copy Pods Resources";
			outputFileListPaths = (
				"${PODS_ROOT}/Target Support Files/Pods-Veg Out Taiwan/Pods-Veg Out Taiwan-resources-${CONFIGURATION}-output-files.xcfilelist",
			);
			runOnlyForDeploymentPostprocessing = 0;
			shellPath = /bin/sh;
			shellScript = "\"${PODS_ROOT}/Target Support Files/Pods-Veg Out Taiwan/Pods-Veg Out Taiwan-resources.sh\"\n";
			showEnvVarsInLog = 0;
		};
		42411774241F37170094B0FB /* SwiftLint */ = {
			isa = PBXShellScriptBuildPhase;
			buildActionMask = 2147483647;
			files = (
			);
			inputFileListPaths = (
			);
			inputPaths = (
			);
			name = SwiftLint;
			outputFileListPaths = (
			);
			outputPaths = (
			);
			runOnlyForDeploymentPostprocessing = 0;
			shellPath = /bin/sh;
			shellScript = "\"${PODS_ROOT}/SwiftLint/swiftlint\"\n";
		};
		655868092CF24F7CC44E2C67 /* [CP] Embed Pods Frameworks */ = {
			isa = PBXShellScriptBuildPhase;
			buildActionMask = 2147483647;
			files = (
			);
			inputFileListPaths = (
				"${PODS_ROOT}/Target Support Files/Pods-Veg Out Taiwan/Pods-Veg Out Taiwan-frameworks-${CONFIGURATION}-input-files.xcfilelist",
			);
			name = "[CP] Embed Pods Frameworks";
			outputFileListPaths = (
				"${PODS_ROOT}/Target Support Files/Pods-Veg Out Taiwan/Pods-Veg Out Taiwan-frameworks-${CONFIGURATION}-output-files.xcfilelist",
			);
			runOnlyForDeploymentPostprocessing = 0;
			shellPath = /bin/sh;
			shellScript = "\"${PODS_ROOT}/Target Support Files/Pods-Veg Out Taiwan/Pods-Veg Out Taiwan-frameworks.sh\"\n";
			showEnvVarsInLog = 0;
		};
		83A49975C267F1848FED00C7 /* [CP] Check Pods Manifest.lock */ = {
			isa = PBXShellScriptBuildPhase;
			buildActionMask = 2147483647;
			files = (
			);
			inputFileListPaths = (
			);
			inputPaths = (
				"${PODS_PODFILE_DIR_PATH}/Podfile.lock",
				"${PODS_ROOT}/Manifest.lock",
			);
			name = "[CP] Check Pods Manifest.lock";
			outputFileListPaths = (
			);
			outputPaths = (
				"$(DERIVED_FILE_DIR)/Pods-Veg Out Taiwan-checkManifestLockResult.txt",
			);
			runOnlyForDeploymentPostprocessing = 0;
			shellPath = /bin/sh;
			shellScript = "diff \"${PODS_PODFILE_DIR_PATH}/Podfile.lock\" \"${PODS_ROOT}/Manifest.lock\" > /dev/null\nif [ $? != 0 ] ; then\n    # print error to STDERR\n    echo \"error: The sandbox is not in sync with the Podfile.lock. Run 'pod install' or update your CocoaPods installation.\" >&2\n    exit 1\nfi\n# This output is used by Xcode 'outputs' to avoid re-running this script phase.\necho \"SUCCESS\" > \"${SCRIPT_OUTPUT_FILE_0}\"\n";
			showEnvVarsInLog = 0;
		};
/* End PBXShellScriptBuildPhase section */

/* Begin PBXSourcesBuildPhase section */
		42461DE3241DC74D009EC9AB /* Sources */ = {
			isa = PBXSourcesBuildPhase;
			buildActionMask = 2147483647;
			files = (
				42471EB224324CD2002B1577 /* RestaurantCollectionViewCell.swift in Sources */,
				42471F40243C69EA002B1577 /* UIColor.swift in Sources */,
				42471F49243D7AB4002B1577 /* ProfileCollectionViewCell.swift in Sources */,
				4244483E24432E1100000E96 /* UserCommentWallViewController.swift in Sources */,
				42471F38243C195F002B1577 /* PhotoWallViewController.swift in Sources */,
				42471F42243C944F002B1577 /* Constraint.swift in Sources */,
				42471FB324405214002B1577 /* ProfileController.swift in Sources */,
				42461DEB241DC74D009EC9AB /* AppDelegate.swift in Sources */,
				4244483A2443118C00000E96 /* CommentTableViewCell.swift in Sources */,
				42471FB02440336C002B1577 /* HeaderView.swift in Sources */,
				42461E07241E440E009EC9AB /* JGProgressHUDWrapper.swift in Sources */,
				42411779241F424F0094B0FB /* ToEatListViewController.swift in Sources */,
				42461E08241E440E009EC9AB /* KingFisherWrapper.swift in Sources */,
				424448422444260200000E96 /* RestaurantCollectionViewFlowLayout.swift in Sources */,
				4244483C244315D600000E96 /* CommentCollectionViewCell.swift in Sources */,
				42471EAD2430E240002B1577 /* MainTabViewController.swift in Sources */,
				4244483824430CE800000E96 /* BaseInfoTableViewCell.swift in Sources */,
				42471F2724399898002B1577 /* RestaurantInfomationViewController.swift in Sources */,
				42471F3E243C66BD002B1577 /* UIFont.swift in Sources */,
				42471F35243B778B002B1577 /* LogInViewController.swift in Sources */,
				42461E01241E2BCE009EC9AB /* MapViewController.swift in Sources */,
				42471F3A243C2606002B1577 /* Background.swift in Sources */,
			);
			runOnlyForDeploymentPostprocessing = 0;
		};
/* End PBXSourcesBuildPhase section */

/* Begin PBXVariantGroup section */
		42461DF5241DC74F009EC9AB /* LaunchScreen.storyboard */ = {
			isa = PBXVariantGroup;
			children = (
				42461DF6241DC74F009EC9AB /* Base */,
			);
			name = LaunchScreen.storyboard;
			sourceTree = "<group>";
		};
/* End PBXVariantGroup section */

/* Begin XCBuildConfiguration section */
		42461DF9241DC74F009EC9AB /* Debug */ = {
			isa = XCBuildConfiguration;
			buildSettings = {
				ALWAYS_SEARCH_USER_PATHS = NO;
				CLANG_ANALYZER_NONNULL = YES;
				CLANG_ANALYZER_NUMBER_OBJECT_CONVERSION = YES_AGGRESSIVE;
				CLANG_CXX_LANGUAGE_STANDARD = "gnu++14";
				CLANG_CXX_LIBRARY = "libc++";
				CLANG_ENABLE_MODULES = YES;
				CLANG_ENABLE_OBJC_ARC = YES;
				CLANG_ENABLE_OBJC_WEAK = YES;
				CLANG_WARN_BLOCK_CAPTURE_AUTORELEASING = YES;
				CLANG_WARN_BOOL_CONVERSION = YES;
				CLANG_WARN_COMMA = YES;
				CLANG_WARN_CONSTANT_CONVERSION = YES;
				CLANG_WARN_DEPRECATED_OBJC_IMPLEMENTATIONS = YES;
				CLANG_WARN_DIRECT_OBJC_ISA_USAGE = YES_ERROR;
				CLANG_WARN_DOCUMENTATION_COMMENTS = YES;
				CLANG_WARN_EMPTY_BODY = YES;
				CLANG_WARN_ENUM_CONVERSION = YES;
				CLANG_WARN_INFINITE_RECURSION = YES;
				CLANG_WARN_INT_CONVERSION = YES;
				CLANG_WARN_NON_LITERAL_NULL_CONVERSION = YES;
				CLANG_WARN_OBJC_IMPLICIT_RETAIN_SELF = YES;
				CLANG_WARN_OBJC_LITERAL_CONVERSION = YES;
				CLANG_WARN_OBJC_ROOT_CLASS = YES_ERROR;
				CLANG_WARN_RANGE_LOOP_ANALYSIS = YES;
				CLANG_WARN_STRICT_PROTOTYPES = YES;
				CLANG_WARN_SUSPICIOUS_MOVE = YES;
				CLANG_WARN_UNGUARDED_AVAILABILITY = YES_AGGRESSIVE;
				CLANG_WARN_UNREACHABLE_CODE = YES;
				CLANG_WARN__DUPLICATE_METHOD_MATCH = YES;
				COPY_PHASE_STRIP = NO;
				DEBUG_INFORMATION_FORMAT = dwarf;
				ENABLE_STRICT_OBJC_MSGSEND = YES;
				ENABLE_TESTABILITY = YES;
				GCC_C_LANGUAGE_STANDARD = gnu11;
				GCC_DYNAMIC_NO_PIC = NO;
				GCC_NO_COMMON_BLOCKS = YES;
				GCC_OPTIMIZATION_LEVEL = 0;
				GCC_PREPROCESSOR_DEFINITIONS = (
					"DEBUG=1",
					"$(inherited)",
				);
				GCC_WARN_64_TO_32_BIT_CONVERSION = YES;
				GCC_WARN_ABOUT_RETURN_TYPE = YES_ERROR;
				GCC_WARN_UNDECLARED_SELECTOR = YES;
				GCC_WARN_UNINITIALIZED_AUTOS = YES_AGGRESSIVE;
				GCC_WARN_UNUSED_FUNCTION = YES;
				GCC_WARN_UNUSED_VARIABLE = YES;
				IPHONEOS_DEPLOYMENT_TARGET = 13.0;
				MTL_ENABLE_DEBUG_INFO = INCLUDE_SOURCE;
				MTL_FAST_MATH = YES;
				ONLY_ACTIVE_ARCH = YES;
				SDKROOT = iphoneos;
				SWIFT_ACTIVE_COMPILATION_CONDITIONS = DEBUG;
				SWIFT_OPTIMIZATION_LEVEL = "-Onone";
			};
			name = Debug;
		};
		42461DFA241DC74F009EC9AB /* Release */ = {
			isa = XCBuildConfiguration;
			buildSettings = {
				ALWAYS_SEARCH_USER_PATHS = NO;
				CLANG_ANALYZER_NONNULL = YES;
				CLANG_ANALYZER_NUMBER_OBJECT_CONVERSION = YES_AGGRESSIVE;
				CLANG_CXX_LANGUAGE_STANDARD = "gnu++14";
				CLANG_CXX_LIBRARY = "libc++";
				CLANG_ENABLE_MODULES = YES;
				CLANG_ENABLE_OBJC_ARC = YES;
				CLANG_ENABLE_OBJC_WEAK = YES;
				CLANG_WARN_BLOCK_CAPTURE_AUTORELEASING = YES;
				CLANG_WARN_BOOL_CONVERSION = YES;
				CLANG_WARN_COMMA = YES;
				CLANG_WARN_CONSTANT_CONVERSION = YES;
				CLANG_WARN_DEPRECATED_OBJC_IMPLEMENTATIONS = YES;
				CLANG_WARN_DIRECT_OBJC_ISA_USAGE = YES_ERROR;
				CLANG_WARN_DOCUMENTATION_COMMENTS = YES;
				CLANG_WARN_EMPTY_BODY = YES;
				CLANG_WARN_ENUM_CONVERSION = YES;
				CLANG_WARN_INFINITE_RECURSION = YES;
				CLANG_WARN_INT_CONVERSION = YES;
				CLANG_WARN_NON_LITERAL_NULL_CONVERSION = YES;
				CLANG_WARN_OBJC_IMPLICIT_RETAIN_SELF = YES;
				CLANG_WARN_OBJC_LITERAL_CONVERSION = YES;
				CLANG_WARN_OBJC_ROOT_CLASS = YES_ERROR;
				CLANG_WARN_RANGE_LOOP_ANALYSIS = YES;
				CLANG_WARN_STRICT_PROTOTYPES = YES;
				CLANG_WARN_SUSPICIOUS_MOVE = YES;
				CLANG_WARN_UNGUARDED_AVAILABILITY = YES_AGGRESSIVE;
				CLANG_WARN_UNREACHABLE_CODE = YES;
				CLANG_WARN__DUPLICATE_METHOD_MATCH = YES;
				COPY_PHASE_STRIP = NO;
				DEBUG_INFORMATION_FORMAT = "dwarf-with-dsym";
				ENABLE_NS_ASSERTIONS = NO;
				ENABLE_STRICT_OBJC_MSGSEND = YES;
				GCC_C_LANGUAGE_STANDARD = gnu11;
				GCC_NO_COMMON_BLOCKS = YES;
				GCC_WARN_64_TO_32_BIT_CONVERSION = YES;
				GCC_WARN_ABOUT_RETURN_TYPE = YES_ERROR;
				GCC_WARN_UNDECLARED_SELECTOR = YES;
				GCC_WARN_UNINITIALIZED_AUTOS = YES_AGGRESSIVE;
				GCC_WARN_UNUSED_FUNCTION = YES;
				GCC_WARN_UNUSED_VARIABLE = YES;
				IPHONEOS_DEPLOYMENT_TARGET = 13.0;
				MTL_ENABLE_DEBUG_INFO = NO;
				MTL_FAST_MATH = YES;
				SDKROOT = iphoneos;
				SWIFT_COMPILATION_MODE = wholemodule;
				SWIFT_OPTIMIZATION_LEVEL = "-O";
				VALIDATE_PRODUCT = YES;
			};
			name = Release;
		};
		42461DFC241DC74F009EC9AB /* Debug */ = {
			isa = XCBuildConfiguration;
			baseConfigurationReference = 1930BBD6D392A26188062ED7 /* Pods-Veg Out Taiwan.debug.xcconfig */;
			buildSettings = {
				ASSETCATALOG_COMPILER_APPICON_NAME = AppIcon;
				CODE_SIGN_STYLE = Automatic;
				DEVELOPMENT_TEAM = 89764ZZ42N;
				INFOPLIST_FILE = "Veg Out Taiwan/Info.plist";
				IPHONEOS_DEPLOYMENT_TARGET = 13.0;
				LD_RUNPATH_SEARCH_PATHS = (
					"$(inherited)",
					"@executable_path/Frameworks",
				);
				PRODUCT_BUNDLE_IDENTIFIER = "com.irenechen.Veg-Out-Taiwan";
				PRODUCT_NAME = "$(TARGET_NAME)";
				SWIFT_VERSION = 5.0;
				TARGETED_DEVICE_FAMILY = 1;
			};
			name = Debug;
		};
		42461DFD241DC74F009EC9AB /* Release */ = {
			isa = XCBuildConfiguration;
			baseConfigurationReference = 8B7A18B52CEFFAAB7F14BF56 /* Pods-Veg Out Taiwan.release.xcconfig */;
			buildSettings = {
				ASSETCATALOG_COMPILER_APPICON_NAME = AppIcon;
				CODE_SIGN_STYLE = Automatic;
				DEVELOPMENT_TEAM = 89764ZZ42N;
				INFOPLIST_FILE = "Veg Out Taiwan/Info.plist";
				IPHONEOS_DEPLOYMENT_TARGET = 13.0;
				LD_RUNPATH_SEARCH_PATHS = (
					"$(inherited)",
					"@executable_path/Frameworks",
				);
				PRODUCT_BUNDLE_IDENTIFIER = "com.irenechen.Veg-Out-Taiwan";
				PRODUCT_NAME = "$(TARGET_NAME)";
				SWIFT_VERSION = 5.0;
				TARGETED_DEVICE_FAMILY = 1;
			};
			name = Release;
		};
/* End XCBuildConfiguration section */

/* Begin XCConfigurationList section */
		42461DE2241DC74C009EC9AB /* Build configuration list for PBXProject "Veg Out Taiwan" */ = {
			isa = XCConfigurationList;
			buildConfigurations = (
				42461DF9241DC74F009EC9AB /* Debug */,
				42461DFA241DC74F009EC9AB /* Release */,
			);
			defaultConfigurationIsVisible = 0;
			defaultConfigurationName = Release;
		};
		42461DFB241DC74F009EC9AB /* Build configuration list for PBXNativeTarget "Veg Out Taiwan" */ = {
			isa = XCConfigurationList;
			buildConfigurations = (
				42461DFC241DC74F009EC9AB /* Debug */,
				42461DFD241DC74F009EC9AB /* Release */,
			);
			defaultConfigurationIsVisible = 0;
			defaultConfigurationName = Release;
		};
/* End XCConfigurationList section */
	};
	rootObject = 42461DDF241DC74C009EC9AB /* Project object */;
}
